
Microsoft Visual Studio Solution File, Format Version 12.00
# Visual Studio Version 17
VisualStudioVersion = 17.4.33213.308
MinimumVisualStudioVersion = 10.0.40219.1
Project("{9A19103F-16F7-4668-BE54-9A1E7A4F7556}") = "FunTranslator", "FunTranslator\FunTranslator.csproj", "{C12CABEE-8851-4680-BFE9-883DE68D606A}"
EndProject
Project("{FAE04EC0-301F-11D3-BF4B-00C04F79EFBC}") = "TestProject1", "TestProject1\TestProject1.csproj", "{459FFD4E-8EBC-4DC6-A7D8-2AD550463249}"
EndProject
Global
	GlobalSection(SolutionConfigurationPlatforms) = preSolution
		Debug|Any CPU = Debug|Any CPU
		Release|Any CPU = Release|Any CPU
	EndGlobalSection
	GlobalSection(ProjectConfigurationPlatforms) = postSolution
		{C12CABEE-8851-4680-BFE9-883DE68D606A}.Debug|Any CPU.ActiveCfg = Debug|Any CPU
		{C12CABEE-8851-4680-BFE9-883DE68D606A}.Debug|Any CPU.Build.0 = Debug|Any CPU
		{C12CABEE-8851-4680-BFE9-883DE68D606A}.Release|Any CPU.ActiveCfg = Release|Any CPU
		{C12CABEE-8851-4680-BFE9-883DE68D606A}.Release|Any CPU.Build.0 = Release|Any CPU
		{459FFD4E-8EBC-4DC6-A7D8-2AD550463249}.Debug|Any CPU.ActiveCfg = Debug|Any CPU
		{459FFD4E-8EBC-4DC6-A7D8-2AD550463249}.Debug|Any CPU.Build.0 = Debug|Any CPU
		{459FFD4E-8EBC-4DC6-A7D8-2AD550463249}.Release|Any CPU.ActiveCfg = Release|Any CPU
		{459FFD4E-8EBC-4DC6-A7D8-2AD550463249}.Release|Any CPU.Build.0 = Release|Any CPU
	EndGlobalSection
	GlobalSection(SolutionProperties) = preSolution
		HideSolutionNode = FALSE
	EndGlobalSection
	GlobalSection(ExtensibilityGlobals) = postSolution
		SolutionGuid = {5033EA7C-F07C-4C93-BEC7-967EC72622C8}
	EndGlobalSection
EndGlobal
